# THIS IS AN AUTOGENERATED FILE. DO NOT EDIT THIS FILE DIRECTLY.
# yarn lockfile v1


"@types/node-hue-api@^2.3.0":
  version "2.3.0"
  resolved "https://registry.yarnpkg.com/@types/node-hue-api/-/node-hue-api-2.3.0.tgz#20d4d2746daa5e178b7c6221abae4859e6a0eb30"
  integrity sha1-INTSdG2qXheLfGIhq65IWeag6zA=
  dependencies:
    "@types/node" "*"

"@types/node@*", "@types/node@^11.13.0":
  version "11.13.0"
  resolved "https://registry.yarnpkg.com/@types/node/-/node-11.13.0.tgz#b0df8d6ef9b5001b2be3a94d909ce3c29a80f9e1"
  integrity sha512-rx29MMkRdVmzunmiA4lzBYJNnXsW/PhG4kMBy2ATsYaDjGGR75dCFEVVROKpNwlVdcUX3xxlghKQOeDPBJobng==

axios@~0.15.3:
  version "0.15.3"
  resolved "https://registry.yarnpkg.com/axios/-/axios-0.15.3.tgz#2c9d638b2e191a08ea1d6cc988eadd6ba5bdc053"
  integrity sha1-LJ1jiy4ZGgjqHWzJiOrda6W9wFM=
  dependencies:
    follow-redirects "1.0.0"

debug@^2.2.0:
  version "2.6.9"
  resolved "https://registry.yarnpkg.com/debug/-/debug-2.6.9.tgz#5d128515df134ff327e90a4c93f4e077a536341f"
  integrity sha512-bC7ElrdJaJnPbAP+1EotYvqZsb3ecl5wi6Bfi6BJTUcNowp6cvspg0jXznRTKDjm/E7AdgFBVeAPVMNcKGsHMA==
  dependencies:
    ms "2.0.0"

deep-extend@^0.6.0:
  version "0.6.0"
  resolved "https://registry.yarnpkg.com/deep-extend/-/deep-extend-0.6.0.tgz#c4fa7c95404a17a9c3e8ca7e1537312b736330ac"
  integrity sha512-LOHxIOaPYdHlJRtCQfDIVZtfw/ufM8+rVj649RIHzcm/vGwQRXFt6OPqIFWsm2XEMrNIEtWR64sY1LEKD2vAOA==

follow-redirects@1.0.0:
  version "1.0.0"
  resolved "https://registry.yarnpkg.com/follow-redirects/-/follow-redirects-1.0.0.tgz#8e34298cbd2e176f254effec75a1c78cc849fd37"
  integrity sha1-jjQpjL0uF28lTv/sdaHHjMhJ/Tc=
  dependencies:
    debug "^2.2.0"

ms@2.0.0:
  version "2.0.0"
  resolved "https://registry.yarnpkg.com/ms/-/ms-2.0.0.tgz#5608aeadfc00be6c2901df5f9861788de0d597c8"
  integrity sha1-VgiurfwAvmwpAd9fmGF4jeDVl8g=

node-hue-api@^2.4.4:
  version "2.4.4"
  resolved "https://registry.yarnpkg.com/node-hue-api/-/node-hue-api-2.4.4.tgz#661e27ccf448223a1e68f5786d426e9ea0811c25"
  integrity sha512-526lV8pK2x4HW2JufXHVcFHj8Z9mOuPR37Gu+/w9Vw/CAPvzKXY5BkG8KmOLbpzjiWljN3s+JMO3n4xDra3l9Q==
  dependencies:
    axios "~0.15.3"
    deep-extend "^0.6.0"
    q "~1.4"
    traits "~0.4.0"
    xml2js "~0.4"

q@~1.4:
  version "1.4.1"
  resolved "https://registry.yarnpkg.com/q/-/q-1.4.1.tgz#55705bcd93c5f3673530c2c2cbc0c2b3addc286e"
  integrity sha1-VXBbzZPF82c1MMLCy8DCs63cKG4=

sax@>=0.6.0:
  version "1.2.4"
  resolved "https://registry.yarnpkg.com/sax/-/sax-1.2.4.tgz#2816234e2378bddc4e5354fab5caa895df7100d9"
  integrity sha512-NqVDv9TpANUjFm0N8uM5GxL36UgKi9/atZw+x7YFnQ8ckwFGKrl4xX4yWtrey3UJm5nP1kUbnYgLopqWNSRhWw==

traits@~0.4.0:
  version "0.4.0"
  resolved "https://registry.yarnpkg.com/traits/-/traits-0.4.0.tgz#416edcabdc8bf64bd29102a7453dcddd857371a1"
  integrity sha1-QW7cq9yL9kvSkQKnRT3N3YVzcaE=

xml2js@~0.4:
  version "0.4.19"
  resolved "https://registry.yarnpkg.com/xml2js/-/xml2js-0.4.19.tgz#686c20f213209e94abf0d1bcf1efaa291c7827a7"
  integrity sha512-esZnJZJOiJR9wWKMyuvSE1y6Dq5LCuJanqhxslH2bxM6duahNZ+HMpCLhBQGZkbX6xRf8x1Y2eJlgt2q3qo49Q==
  dependencies:
    sax ">=0.6.0"
    xmlbuilder "~9.0.1"

xmlbuilder@~9.0.1:
  version "9.0.7"
  resolved "https://registry.yarnpkg.com/xmlbuilder/-/xmlbuilder-9.0.7.tgz#132ee63d2ec5565c557e20f4c22df9aca686b10d"
  integrity sha1-Ey7mPS7FVlxVfiD0wi35rKaGsQ0=
